
Microsoft Visual Studio Solution File, Format Version 12.00
# Visual Studio Version 16
VisualStudioVersion = 16.0.30503.244
MinimumVisualStudioVersion = 10.0.40219.1
Project("{FAE04EC0-301F-11D3-BF4B-00C04F79EFBC}") = "Lab07", "Lab07\Lab07.csproj", "{B21468B9-14B4-4EA5-98AC-F1263B2265A8}"
EndProject
Global
	GlobalSection(SolutionConfigurationPlatforms) = preSolution
		Debug|Any CPU = Debug|Any CPU
		Release|Any CPU = Release|Any CPU
	EndGlobalSection
	GlobalSection(ProjectConfigurationPlatforms) = postSolution
		{B21468B9-14B4-4EA5-98AC-F1263B2265A8}.Debug|Any CPU.ActiveCfg = Debug|Any CPU
		{B21468B9-14B4-4EA5-98AC-F1263B2265A8}.Debug|Any CPU.Build.0 = Debug|Any CPU
		{B21468B9-14B4-4EA5-98AC-F1263B2265A8}.Release|Any CPU.ActiveCfg = Release|Any CPU
		{B21468B9-14B4-4EA5-98AC-F1263B2265A8}.Release|Any CPU.Build.0 = Release|Any CPU
	EndGlobalSection
	GlobalSection(SolutionProperties) = preSolution
		HideSolutionNode = FALSE
	EndGlobalSection
	GlobalSection(ExtensibilityGlobals) = postSolution
		SolutionGuid = {B473F725-DDBF-48B9-B98A-4F79F6842692}
	EndGlobalSection
EndGlobal
